// !$*UTF8*$!
{
	archiveVersion = 1;
	classes = {
	};
	objectVersion = 50;
	objects = {

/* Begin PBXBuildFile section */
		450CD17B26B88EBC005E27D6 /* Fields.swift in Sources */ = {isa = PBXBuildFile; fileRef = 450CD17A26B88EBC005E27D6 /* Fields.swift */; };
		450CD17D26B8900F005E27D6 /* PlainResult.swift in Sources */ = {isa = PBXBuildFile; fileRef = 450CD17C26B8900F005E27D6 /* PlainResult.swift */; };
		450CD18526B8AF3F005E27D6 /* RecipesListPresenter.swift in Sources */ = {isa = PBXBuildFile; fileRef = 450CD18426B8AF3F005E27D6 /* RecipesListPresenter.swift */; };
		450CD18826B8C1AF005E27D6 /* RecipeService.swift in Sources */ = {isa = PBXBuildFile; fileRef = 450CD18726B8C1AF005E27D6 /* RecipeService.swift */; };
		450CD18A26B8D4DC005E27D6 /* Item.swift in Sources */ = {isa = PBXBuildFile; fileRef = 450CD18926B8D4DC005E27D6 /* Item.swift */; };
		450CD18C26B8D4F0005E27D6 /* Asset.swift in Sources */ = {isa = PBXBuildFile; fileRef = 450CD18B26B8D4F0005E27D6 /* Asset.swift */; };
		450CD18E26B8D517005E27D6 /* SysContainer.swift in Sources */ = {isa = PBXBuildFile; fileRef = 450CD18D26B8D517005E27D6 /* SysContainer.swift */; };
		450CD19026B8D528005E27D6 /* IDContainer.swift in Sources */ = {isa = PBXBuildFile; fileRef = 450CD18F26B8D528005E27D6 /* IDContainer.swift */; };
		450CD19426B8E041005E27D6 /* RecipesListBuilder.swift in Sources */ = {isa = PBXBuildFile; fileRef = 450CD19326B8E041005E27D6 /* RecipesListBuilder.swift */; };
		45525FA226B946D900711D68 /* ItemServiceModel.swift in Sources */ = {isa = PBXBuildFile; fileRef = 45525FA126B946D900711D68 /* ItemServiceModel.swift */; };
		456938ED26B6087600A731F7 /* AppDelegate.swift in Sources */ = {isa = PBXBuildFile; fileRef = 456938EC26B6087600A731F7 /* AppDelegate.swift */; };
		456938EF26B6087600A731F7 /* SceneDelegate.swift in Sources */ = {isa = PBXBuildFile; fileRef = 456938EE26B6087600A731F7 /* SceneDelegate.swift */; };
		456938F126B6087600A731F7 /* RecipesListViewController.swift in Sources */ = {isa = PBXBuildFile; fileRef = 456938F026B6087600A731F7 /* RecipesListViewController.swift */; };
		456938F626B6087A00A731F7 /* Assets.xcassets in Resources */ = {isa = PBXBuildFile; fileRef = 456938F526B6087A00A731F7 /* Assets.xcassets */; };
		456938F926B6087A00A731F7 /* LaunchScreen.storyboard in Resources */ = {isa = PBXBuildFile; fileRef = 456938F726B6087A00A731F7 /* LaunchScreen.storyboard */; };
		4569390426B6087A00A731F7 /* MarleySpoonRecipesTests.swift in Sources */ = {isa = PBXBuildFile; fileRef = 4569390326B6087A00A731F7 /* MarleySpoonRecipesTests.swift */; };
		4569390F26B6087A00A731F7 /* MarleySpoonRecipesUITests.swift in Sources */ = {isa = PBXBuildFile; fileRef = 4569390E26B6087A00A731F7 /* MarleySpoonRecipesUITests.swift */; };
		45D9EE1B26B60E3E00E3A118 /* APIManager.swift in Sources */ = {isa = PBXBuildFile; fileRef = 45D9EE1A26B60E3E00E3A118 /* APIManager.swift */; };
		45DB9DD826B73F540056EFF8 /* PresentedRecipe.swift in Sources */ = {isa = PBXBuildFile; fileRef = 45DB9DD726B73F540056EFF8 /* PresentedRecipe.swift */; };
/* End PBXBuildFile section */

/* Begin PBXContainerItemProxy section */
		4569390026B6087A00A731F7 /* PBXContainerItemProxy */ = {
			isa = PBXContainerItemProxy;
			containerPortal = 456938E126B6087600A731F7 /* Project object */;
			proxyType = 1;
			remoteGlobalIDString = 456938E826B6087600A731F7;
			remoteInfo = MarleySpoonRecipes;
		};
		4569390B26B6087A00A731F7 /* PBXContainerItemProxy */ = {
			isa = PBXContainerItemProxy;
			containerPortal = 456938E126B6087600A731F7 /* Project object */;
			proxyType = 1;
			remoteGlobalIDString = 456938E826B6087600A731F7;
			remoteInfo = MarleySpoonRecipes;
		};
/* End PBXContainerItemProxy section */

/* Begin PBXFileReference section */
		450CD17A26B88EBC005E27D6 /* Fields.swift */ = {isa = PBXFileReference; lastKnownFileType = sourcecode.swift; path = Fields.swift; sourceTree = "<group>"; };
		450CD17C26B8900F005E27D6 /* PlainResult.swift */ = {isa = PBXFileReference; lastKnownFileType = sourcecode.swift; path = PlainResult.swift; sourceTree = "<group>"; };
		450CD18426B8AF3F005E27D6 /* RecipesListPresenter.swift */ = {isa = PBXFileReference; lastKnownFileType = sourcecode.swift; path = RecipesListPresenter.swift; sourceTree = "<group>"; };
		450CD18726B8C1AF005E27D6 /* RecipeService.swift */ = {isa = PBXFileReference; lastKnownFileType = sourcecode.swift; path = RecipeService.swift; sourceTree = "<group>"; };
		450CD18926B8D4DC005E27D6 /* Item.swift */ = {isa = PBXFileReference; lastKnownFileType = sourcecode.swift; path = Item.swift; sourceTree = "<group>"; };
		450CD18B26B8D4F0005E27D6 /* Asset.swift */ = {isa = PBXFileReference; lastKnownFileType = sourcecode.swift; path = Asset.swift; sourceTree = "<group>"; };
		450CD18D26B8D517005E27D6 /* SysContainer.swift */ = {isa = PBXFileReference; lastKnownFileType = sourcecode.swift; path = SysContainer.swift; sourceTree = "<group>"; };
		450CD18F26B8D528005E27D6 /* IDContainer.swift */ = {isa = PBXFileReference; lastKnownFileType = sourcecode.swift; path = IDContainer.swift; sourceTree = "<group>"; };
		450CD19326B8E041005E27D6 /* RecipesListBuilder.swift */ = {isa = PBXFileReference; lastKnownFileType = sourcecode.swift; path = RecipesListBuilder.swift; sourceTree = "<group>"; };
		45525FA126B946D900711D68 /* ItemServiceModel.swift */ = {isa = PBXFileReference; lastKnownFileType = sourcecode.swift; path = ItemServiceModel.swift; sourceTree = "<group>"; };
		456938E926B6087600A731F7 /* MarleySpoonRecipes.app */ = {isa = PBXFileReference; explicitFileType = wrapper.application; includeInIndex = 0; path = MarleySpoonRecipes.app; sourceTree = BUILT_PRODUCTS_DIR; };
		456938EC26B6087600A731F7 /* AppDelegate.swift */ = {isa = PBXFileReference; lastKnownFileType = sourcecode.swift; path = AppDelegate.swift; sourceTree = "<group>"; };
		456938EE26B6087600A731F7 /* SceneDelegate.swift */ = {isa = PBXFileReference; lastKnownFileType = sourcecode.swift; path = SceneDelegate.swift; sourceTree = "<group>"; };
		456938F026B6087600A731F7 /* RecipesListViewController.swift */ = {isa = PBXFileReference; lastKnownFileType = sourcecode.swift; path = RecipesListViewController.swift; sourceTree = "<group>"; };
		456938F526B6087A00A731F7 /* Assets.xcassets */ = {isa = PBXFileReference; lastKnownFileType = folder.assetcatalog; path = Assets.xcassets; sourceTree = "<group>"; };
		456938F826B6087A00A731F7 /* Base */ = {isa = PBXFileReference; lastKnownFileType = file.storyboard; name = Base; path = Base.lproj/LaunchScreen.storyboard; sourceTree = "<group>"; };
		456938FA26B6087A00A731F7 /* Info.plist */ = {isa = PBXFileReference; lastKnownFileType = text.plist.xml; path = Info.plist; sourceTree = "<group>"; };
		456938FF26B6087A00A731F7 /* MarleySpoonRecipesTests.xctest */ = {isa = PBXFileReference; explicitFileType = wrapper.cfbundle; includeInIndex = 0; path = MarleySpoonRecipesTests.xctest; sourceTree = BUILT_PRODUCTS_DIR; };
		4569390326B6087A00A731F7 /* MarleySpoonRecipesTests.swift */ = {isa = PBXFileReference; lastKnownFileType = sourcecode.swift; path = MarleySpoonRecipesTests.swift; sourceTree = "<group>"; };
		4569390526B6087A00A731F7 /* Info.plist */ = {isa = PBXFileReference; lastKnownFileType = text.plist.xml; path = Info.plist; sourceTree = "<group>"; };
		4569390A26B6087A00A731F7 /* MarleySpoonRecipesUITests.xctest */ = {isa = PBXFileReference; explicitFileType = wrapper.cfbundle; includeInIndex = 0; path = MarleySpoonRecipesUITests.xctest; sourceTree = BUILT_PRODUCTS_DIR; };
		4569390E26B6087A00A731F7 /* MarleySpoonRecipesUITests.swift */ = {isa = PBXFileReference; lastKnownFileType = sourcecode.swift; path = MarleySpoonRecipesUITests.swift; sourceTree = "<group>"; };
		4569391026B6087A00A731F7 /* Info.plist */ = {isa = PBXFileReference; lastKnownFileType = text.plist.xml; path = Info.plist; sourceTree = "<group>"; };
		45D9EE1A26B60E3E00E3A118 /* APIManager.swift */ = {isa = PBXFileReference; lastKnownFileType = sourcecode.swift; path = APIManager.swift; sourceTree = "<group>"; };
		45DB9DD726B73F540056EFF8 /* PresentedRecipe.swift */ = {isa = PBXFileReference; lastKnownFileType = sourcecode.swift; path = PresentedRecipe.swift; sourceTree = "<group>"; };
/* End PBXFileReference section */

/* Begin PBXFrameworksBuildPhase section */
		456938E626B6087600A731F7 /* Frameworks */ = {
			isa = PBXFrameworksBuildPhase;
			buildActionMask = 2147483647;
			files = (
			);
			runOnlyForDeploymentPostprocessing = 0;
		};
		456938FC26B6087A00A731F7 /* Frameworks */ = {
			isa = PBXFrameworksBuildPhase;
			buildActionMask = 2147483647;
			files = (
			);
			runOnlyForDeploymentPostprocessing = 0;
		};
		4569390726B6087A00A731F7 /* Frameworks */ = {
			isa = PBXFrameworksBuildPhase;
			buildActionMask = 2147483647;
			files = (
			);
			runOnlyForDeploymentPostprocessing = 0;
		};
/* End PBXFrameworksBuildPhase section */

/* Begin PBXGroup section */
		450CD17926B88EAD005E27D6 /* DecodableModels */ = {
			isa = PBXGroup;
			children = (
				450CD17C26B8900F005E27D6 /* PlainResult.swift */,
				450CD17A26B88EBC005E27D6 /* Fields.swift */,
				450CD18926B8D4DC005E27D6 /* Item.swift */,
				450CD18B26B8D4F0005E27D6 /* Asset.swift */,
				450CD18D26B8D517005E27D6 /* SysContainer.swift */,
				450CD18F26B8D528005E27D6 /* IDContainer.swift */,
			);
			path = DecodableModels;
			sourceTree = "<group>";
		};
		450CD18126B8AEB1005E27D6 /* Modules */ = {
			isa = PBXGroup;
			children = (
				450CD18326B8AF28005E27D6 /* DetailRecipe */,
				450CD18226B8AEE0005E27D6 /* RecipesList */,
			);
			path = Modules;
			sourceTree = "<group>";
		};
		450CD18226B8AEE0005E27D6 /* RecipesList */ = {
			isa = PBXGroup;
			children = (
				450CD19226B8DF16005E27D6 /* Model */,
				450CD19126B8DF12005E27D6 /* View */,
				450CD19326B8E041005E27D6 /* RecipesListBuilder.swift */,
			);
			path = RecipesList;
			sourceTree = "<group>";
		};
		450CD18326B8AF28005E27D6 /* DetailRecipe */ = {
			isa = PBXGroup;
			children = (
			);
			path = DetailRecipe;
			sourceTree = "<group>";
		};
		450CD18626B8C19E005E27D6 /* Services */ = {
			isa = PBXGroup;
			children = (
				45525FA326B95C5600711D68 /* Recipe */,
			);
			path = Services;
			sourceTree = "<group>";
		};
		450CD19126B8DF12005E27D6 /* View */ = {
			isa = PBXGroup;
			children = (
				456938F026B6087600A731F7 /* RecipesListViewController.swift */,
			);
			path = View;
			sourceTree = "<group>";
		};
		450CD19226B8DF16005E27D6 /* Model */ = {
			isa = PBXGroup;
			children = (
				450CD18426B8AF3F005E27D6 /* RecipesListPresenter.swift */,
			);
			path = Model;
			sourceTree = "<group>";
		};
		45525FA326B95C5600711D68 /* Recipe */ = {
			isa = PBXGroup;
			children = (
				45525FA426B95C6500711D68 /* Models */,
				450CD18726B8C1AF005E27D6 /* RecipeService.swift */,
			);
			path = Recipe;
			sourceTree = "<group>";
		};
		45525FA426B95C6500711D68 /* Models */ = {
			isa = PBXGroup;
			children = (
				45525FA126B946D900711D68 /* ItemServiceModel.swift */,
			);
			path = Models;
			sourceTree = "<group>";
		};
		456938E026B6087600A731F7 = {
			isa = PBXGroup;
			children = (
				456938EB26B6087600A731F7 /* MarleySpoonRecipes */,
				4569390226B6087A00A731F7 /* MarleySpoonRecipesTests */,
				4569390D26B6087A00A731F7 /* MarleySpoonRecipesUITests */,
				456938EA26B6087600A731F7 /* Products */,
			);
			sourceTree = "<group>";
		};
		456938EA26B6087600A731F7 /* Products */ = {
			isa = PBXGroup;
			children = (
				456938E926B6087600A731F7 /* MarleySpoonRecipes.app */,
				456938FF26B6087A00A731F7 /* MarleySpoonRecipesTests.xctest */,
				4569390A26B6087A00A731F7 /* MarleySpoonRecipesUITests.xctest */,
			);
			name = Products;
			sourceTree = "<group>";
		};
		456938EB26B6087600A731F7 /* MarleySpoonRecipes */ = {
			isa = PBXGroup;
			children = (
				450CD18626B8C19E005E27D6 /* Services */,
				450CD18126B8AEB1005E27D6 /* Modules */,
				45DB9DD426B73EC20056EFF8 /* Persistence */,
				45D9EE1926B60E0500E3A118 /* Network */,
				45D9EE1826B60D5A00E3A118 /* Resources */,
				456938EC26B6087600A731F7 /* AppDelegate.swift */,
				456938EE26B6087600A731F7 /* SceneDelegate.swift */,
			);
			path = MarleySpoonRecipes;
			sourceTree = "<group>";
		};
		4569390226B6087A00A731F7 /* MarleySpoonRecipesTests */ = {
			isa = PBXGroup;
			children = (
				4569390326B6087A00A731F7 /* MarleySpoonRecipesTests.swift */,
				4569390526B6087A00A731F7 /* Info.plist */,
			);
			path = MarleySpoonRecipesTests;
			sourceTree = "<group>";
		};
		4569390D26B6087A00A731F7 /* MarleySpoonRecipesUITests */ = {
			isa = PBXGroup;
			children = (
				4569390E26B6087A00A731F7 /* MarleySpoonRecipesUITests.swift */,
				4569391026B6087A00A731F7 /* Info.plist */,
			);
			path = MarleySpoonRecipesUITests;
			sourceTree = "<group>";
		};
		45D9EE1826B60D5A00E3A118 /* Resources */ = {
			isa = PBXGroup;
			children = (
				456938F526B6087A00A731F7 /* Assets.xcassets */,
				456938F726B6087A00A731F7 /* LaunchScreen.storyboard */,
				456938FA26B6087A00A731F7 /* Info.plist */,
			);
			path = Resources;
			sourceTree = "<group>";
		};
		45D9EE1926B60E0500E3A118 /* Network */ = {
			isa = PBXGroup;
			children = (
				450CD17926B88EAD005E27D6 /* DecodableModels */,
				45D9EE1A26B60E3E00E3A118 /* APIManager.swift */,
			);
			path = Network;
			sourceTree = "<group>";
		};
		45DB9DD426B73EC20056EFF8 /* Persistence */ = {
			isa = PBXGroup;
			children = (
				45DB9DD726B73F540056EFF8 /* PresentedRecipe.swift */,
			);
			path = Persistence;
			sourceTree = "<group>";
		};
/* End PBXGroup section */

/* Begin PBXNativeTarget section */
		456938E826B6087600A731F7 /* MarleySpoonRecipes */ = {
			isa = PBXNativeTarget;
			buildConfigurationList = 4569391326B6087A00A731F7 /* Build configuration list for PBXNativeTarget "MarleySpoonRecipes" */;
			buildPhases = (
				456938E526B6087600A731F7 /* Sources */,
				456938E626B6087600A731F7 /* Frameworks */,
				456938E726B6087600A731F7 /* Resources */,
			);
			buildRules = (
			);
			dependencies = (
			);
			name = MarleySpoonRecipes;
			productName = MarleySpoonRecipes;
			productReference = 456938E926B6087600A731F7 /* MarleySpoonRecipes.app */;
			productType = "com.apple.product-type.application";
		};
		456938FE26B6087A00A731F7 /* MarleySpoonRecipesTests */ = {
			isa = PBXNativeTarget;
			buildConfigurationList = 4569391626B6087A00A731F7 /* Build configuration list for PBXNativeTarget "MarleySpoonRecipesTests" */;
			buildPhases = (
				456938FB26B6087A00A731F7 /* Sources */,
				456938FC26B6087A00A731F7 /* Frameworks */,
				456938FD26B6087A00A731F7 /* Resources */,
			);
			buildRules = (
			);
			dependencies = (
				4569390126B6087A00A731F7 /* PBXTargetDependency */,
			);
			name = MarleySpoonRecipesTests;
			productName = MarleySpoonRecipesTests;
			productReference = 456938FF26B6087A00A731F7 /* MarleySpoonRecipesTests.xctest */;
			productType = "com.apple.product-type.bundle.unit-test";
		};
		4569390926B6087A00A731F7 /* MarleySpoonRecipesUITests */ = {
			isa = PBXNativeTarget;
			buildConfigurationList = 4569391926B6087A00A731F7 /* Build configuration list for PBXNativeTarget "MarleySpoonRecipesUITests" */;
			buildPhases = (
				4569390626B6087A00A731F7 /* Sources */,
				4569390726B6087A00A731F7 /* Frameworks */,
				4569390826B6087A00A731F7 /* Resources */,
			);
			buildRules = (
			);
			dependencies = (
				4569390C26B6087A00A731F7 /* PBXTargetDependency */,
			);
			name = MarleySpoonRecipesUITests;
			productName = MarleySpoonRecipesUITests;
			productReference = 4569390A26B6087A00A731F7 /* MarleySpoonRecipesUITests.xctest */;
			productType = "com.apple.product-type.bundle.ui-testing";
		};
/* End PBXNativeTarget section */

/* Begin PBXProject section */
		456938E126B6087600A731F7 /* Project object */ = {
			isa = PBXProject;
			attributes = {
				LastSwiftUpdateCheck = 1250;
				LastUpgradeCheck = 1250;
				TargetAttributes = {
					456938E826B6087600A731F7 = {
						CreatedOnToolsVersion = 12.5.1;
					};
					456938FE26B6087A00A731F7 = {
						CreatedOnToolsVersion = 12.5.1;
						TestTargetID = 456938E826B6087600A731F7;
					};
					4569390926B6087A00A731F7 = {
						CreatedOnToolsVersion = 12.5.1;
						TestTargetID = 456938E826B6087600A731F7;
					};
				};
			};
			buildConfigurationList = 456938E426B6087600A731F7 /* Build configuration list for PBXProject "MarleySpoonRecipes" */;
			compatibilityVersion = "Xcode 9.3";
			developmentRegion = en;
			hasScannedForEncodings = 0;
			knownRegions = (
				en,
				Base,
			);
			mainGroup = 456938E026B6087600A731F7;
			productRefGroup = 456938EA26B6087600A731F7 /* Products */;
			projectDirPath = "";
			projectRoot = "";
			targets = (
				456938E826B6087600A731F7 /* MarleySpoonRecipes */,
				456938FE26B6087A00A731F7 /* MarleySpoonRecipesTests */,
				4569390926B6087A00A731F7 /* MarleySpoonRecipesUITests */,
			);
		};
/* End PBXProject section */

/* Begin PBXResourcesBuildPhase section */
		456938E726B6087600A731F7 /* Resources */ = {
			isa = PBXResourcesBuildPhase;
			buildActionMask = 2147483647;
			files = (
				456938F926B6087A00A731F7 /* LaunchScreen.storyboard in Resources */,
				456938F626B6087A00A731F7 /* Assets.xcassets in Resources */,
			);
			runOnlyForDeploymentPostprocessing = 0;
		};
		456938FD26B6087A00A731F7 /* Resources */ = {
			isa = PBXResourcesBuildPhase;
			buildActionMask = 2147483647;
			files = (
			);
			runOnlyForDeploymentPostprocessing = 0;
		};
		4569390826B6087A00A731F7 /* Resources */ = {
			isa = PBXResourcesBuildPhase;
			buildActionMask = 2147483647;
			files = (
			);
			runOnlyForDeploymentPostprocessing = 0;
		};
/* End PBXResourcesBuildPhase section */

/* Begin PBXSourcesBuildPhase section */
		456938E526B6087600A731F7 /* Sources */ = {
			isa = PBXSourcesBuildPhase;
			buildActionMask = 2147483647;
			files = (
				450CD18A26B8D4DC005E27D6 /* Item.swift in Sources */,
				45525FA226B946D900711D68 /* ItemServiceModel.swift in Sources */,
				456938F126B6087600A731F7 /* RecipesListViewController.swift in Sources */,
				450CD17D26B8900F005E27D6 /* PlainResult.swift in Sources */,
				450CD19426B8E041005E27D6 /* RecipesListBuilder.swift in Sources */,
				450CD18C26B8D4F0005E27D6 /* Asset.swift in Sources */,
				450CD19026B8D528005E27D6 /* IDContainer.swift in Sources */,
				456938ED26B6087600A731F7 /* AppDelegate.swift in Sources */,
				45D9EE1B26B60E3E00E3A118 /* APIManager.swift in Sources */,
				450CD18826B8C1AF005E27D6 /* RecipeService.swift in Sources */,
				450CD18526B8AF3F005E27D6 /* RecipesListPresenter.swift in Sources */,
				456938EF26B6087600A731F7 /* SceneDelegate.swift in Sources */,
				450CD17B26B88EBC005E27D6 /* Fields.swift in Sources */,
				45DB9DD826B73F540056EFF8 /* PresentedRecipe.swift in Sources */,
				450CD18E26B8D517005E27D6 /* SysContainer.swift in Sources */,
			);
			runOnlyForDeploymentPostprocessing = 0;
		};
		456938FB26B6087A00A731F7 /* Sources */ = {
			isa = PBXSourcesBuildPhase;
			buildActionMask = 2147483647;
			files = (
				4569390426B6087A00A731F7 /* MarleySpoonRecipesTests.swift in Sources */,
			);
			runOnlyForDeploymentPostprocessing = 0;
		};
		4569390626B6087A00A731F7 /* Sources */ = {
			isa = PBXSourcesBuildPhase;
			buildActionMask = 2147483647;
			files = (
				4569390F26B6087A00A731F7 /* MarleySpoonRecipesUITests.swift in Sources */,
			);
			runOnlyForDeploymentPostprocessing = 0;
		};
/* End PBXSourcesBuildPhase section */

/* Begin PBXTargetDependency section */
		4569390126B6087A00A731F7 /* PBXTargetDependency */ = {
			isa = PBXTargetDependency;
			target = 456938E826B6087600A731F7 /* MarleySpoonRecipes */;
			targetProxy = 4569390026B6087A00A731F7 /* PBXContainerItemProxy */;
		};
		4569390C26B6087A00A731F7 /* PBXTargetDependency */ = {
			isa = PBXTargetDependency;
			target = 456938E826B6087600A731F7 /* MarleySpoonRecipes */;
			targetProxy = 4569390B26B6087A00A731F7 /* PBXContainerItemProxy */;
		};
/* End PBXTargetDependency section */

/* Begin PBXVariantGroup section */
		456938F726B6087A00A731F7 /* LaunchScreen.storyboard */ = {
			isa = PBXVariantGroup;
			children = (
				456938F826B6087A00A731F7 /* Base */,
			);
			name = LaunchScreen.storyboard;
			sourceTree = "<group>";
		};
/* End PBXVariantGroup section */

/* Begin XCBuildConfiguration section */
		4569391126B6087A00A731F7 /* Debug */ = {
			isa = XCBuildConfiguration;
			buildSettings = {
				ALWAYS_SEARCH_USER_PATHS = NO;
				CLANG_ANALYZER_NONNULL = YES;
				CLANG_ANALYZER_NUMBER_OBJECT_CONVERSION = YES_AGGRESSIVE;
				CLANG_CXX_LANGUAGE_STANDARD = "gnu++14";
				CLANG_CXX_LIBRARY = "libc++";
				CLANG_ENABLE_MODULES = YES;
				CLANG_ENABLE_OBJC_ARC = YES;
				CLANG_ENABLE_OBJC_WEAK = YES;
				CLANG_WARN_BLOCK_CAPTURE_AUTORELEASING = YES;
				CLANG_WARN_BOOL_CONVERSION = YES;
				CLANG_WARN_COMMA = YES;
				CLANG_WARN_CONSTANT_CONVERSION = YES;
				CLANG_WARN_DEPRECATED_OBJC_IMPLEMENTATIONS = YES;
				CLANG_WARN_DIRECT_OBJC_ISA_USAGE = YES_ERROR;
				CLANG_WARN_DOCUMENTATION_COMMENTS = YES;
				CLANG_WARN_EMPTY_BODY = YES;
				CLANG_WARN_ENUM_CONVERSION = YES;
				CLANG_WARN_INFINITE_RECURSION = YES;
				CLANG_WARN_INT_CONVERSION = YES;
				CLANG_WARN_NON_LITERAL_NULL_CONVERSION = YES;
				CLANG_WARN_OBJC_IMPLICIT_RETAIN_SELF = YES;
				CLANG_WARN_OBJC_LITERAL_CONVERSION = YES;
				CLANG_WARN_OBJC_ROOT_CLASS = YES_ERROR;
				CLANG_WARN_QUOTED_INCLUDE_IN_FRAMEWORK_HEADER = YES;
				CLANG_WARN_RANGE_LOOP_ANALYSIS = YES;
				CLANG_WARN_STRICT_PROTOTYPES = YES;
				CLANG_WARN_SUSPICIOUS_MOVE = YES;
				CLANG_WARN_UNGUARDED_AVAILABILITY = YES_AGGRESSIVE;
				CLANG_WARN_UNREACHABLE_CODE = YES;
				CLANG_WARN__DUPLICATE_METHOD_MATCH = YES;
				COPY_PHASE_STRIP = NO;
				DEBUG_INFORMATION_FORMAT = dwarf;
				ENABLE_STRICT_OBJC_MSGSEND = YES;
				ENABLE_TESTABILITY = YES;
				GCC_C_LANGUAGE_STANDARD = gnu11;
				GCC_DYNAMIC_NO_PIC = NO;
				GCC_NO_COMMON_BLOCKS = YES;
				GCC_OPTIMIZATION_LEVEL = 0;
				GCC_PREPROCESSOR_DEFINITIONS = (
					"DEBUG=1",
					"$(inherited)",
				);
				GCC_WARN_64_TO_32_BIT_CONVERSION = YES;
				GCC_WARN_ABOUT_RETURN_TYPE = YES_ERROR;
				GCC_WARN_UNDECLARED_SELECTOR = YES;
				GCC_WARN_UNINITIALIZED_AUTOS = YES_AGGRESSIVE;
				GCC_WARN_UNUSED_FUNCTION = YES;
				GCC_WARN_UNUSED_VARIABLE = YES;
				IPHONEOS_DEPLOYMENT_TARGET = 14.5;
				MTL_ENABLE_DEBUG_INFO = INCLUDE_SOURCE;
				MTL_FAST_MATH = YES;
				ONLY_ACTIVE_ARCH = YES;
				SDKROOT = iphoneos;
				SWIFT_ACTIVE_COMPILATION_CONDITIONS = DEBUG;
				SWIFT_OPTIMIZATION_LEVEL = "-Onone";
			};
			name = Debug;
		};
		4569391226B6087A00A731F7 /* Release */ = {
			isa = XCBuildConfiguration;
			buildSettings = {
				ALWAYS_SEARCH_USER_PATHS = NO;
				CLANG_ANALYZER_NONNULL = YES;
				CLANG_ANALYZER_NUMBER_OBJECT_CONVERSION = YES_AGGRESSIVE;
				CLANG_CXX_LANGUAGE_STANDARD = "gnu++14";
				CLANG_CXX_LIBRARY = "libc++";
				CLANG_ENABLE_MODULES = YES;
				CLANG_ENABLE_OBJC_ARC = YES;
				CLANG_ENABLE_OBJC_WEAK = YES;
				CLANG_WARN_BLOCK_CAPTURE_AUTORELEASING = YES;
				CLANG_WARN_BOOL_CONVERSION = YES;
				CLANG_WARN_COMMA = YES;
				CLANG_WARN_CONSTANT_CONVERSION = YES;
				CLANG_WARN_DEPRECATED_OBJC_IMPLEMENTATIONS = YES;
				CLANG_WARN_DIRECT_OBJC_ISA_USAGE = YES_ERROR;
				CLANG_WARN_DOCUMENTATION_COMMENTS = YES;
				CLANG_WARN_EMPTY_BODY = YES;
				CLANG_WARN_ENUM_CONVERSION = YES;
				CLANG_WARN_INFINITE_RECURSION = YES;
				CLANG_WARN_INT_CONVERSION = YES;
				CLANG_WARN_NON_LITERAL_NULL_CONVERSION = YES;
				CLANG_WARN_OBJC_IMPLICIT_RETAIN_SELF = YES;
				CLANG_WARN_OBJC_LITERAL_CONVERSION = YES;
				CLANG_WARN_OBJC_ROOT_CLASS = YES_ERROR;
				CLANG_WARN_QUOTED_INCLUDE_IN_FRAMEWORK_HEADER = YES;
				CLANG_WARN_RANGE_LOOP_ANALYSIS = YES;
				CLANG_WARN_STRICT_PROTOTYPES = YES;
				CLANG_WARN_SUSPICIOUS_MOVE = YES;
				CLANG_WARN_UNGUARDED_AVAILABILITY = YES_AGGRESSIVE;
				CLANG_WARN_UNREACHABLE_CODE = YES;
				CLANG_WARN__DUPLICATE_METHOD_MATCH = YES;
				COPY_PHASE_STRIP = NO;
				DEBUG_INFORMATION_FORMAT = "dwarf-with-dsym";
				ENABLE_NS_ASSERTIONS = NO;
				ENABLE_STRICT_OBJC_MSGSEND = YES;
				GCC_C_LANGUAGE_STANDARD = gnu11;
				GCC_NO_COMMON_BLOCKS = YES;
				GCC_WARN_64_TO_32_BIT_CONVERSION = YES;
				GCC_WARN_ABOUT_RETURN_TYPE = YES_ERROR;
				GCC_WARN_UNDECLARED_SELECTOR = YES;
				GCC_WARN_UNINITIALIZED_AUTOS = YES_AGGRESSIVE;
				GCC_WARN_UNUSED_FUNCTION = YES;
				GCC_WARN_UNUSED_VARIABLE = YES;
				IPHONEOS_DEPLOYMENT_TARGET = 14.5;
				MTL_ENABLE_DEBUG_INFO = NO;
				MTL_FAST_MATH = YES;
				SDKROOT = iphoneos;
				SWIFT_COMPILATION_MODE = wholemodule;
				SWIFT_OPTIMIZATION_LEVEL = "-O";
				VALIDATE_PRODUCT = YES;
			};
			name = Release;
		};
		4569391426B6087A00A731F7 /* Debug */ = {
			isa = XCBuildConfiguration;
			buildSettings = {
				ASSETCATALOG_COMPILER_APPICON_NAME = AppIcon;
				ASSETCATALOG_COMPILER_GLOBAL_ACCENT_COLOR_NAME = AccentColor;
				CODE_SIGN_STYLE = Automatic;
				DEVELOPMENT_TEAM = B5LVX8S5A8;
				INFOPLIST_FILE = "$(SRCROOT)/MarleySpoonRecipes/Resources/Info.plist";
				LD_RUNPATH_SEARCH_PATHS = (
					"$(inherited)",
					"@executable_path/Frameworks",
				);
				PRODUCT_BUNDLE_IDENTIFIER = deadjay.com.MarleySpoonRecipes;
				PRODUCT_NAME = "$(TARGET_NAME)";
				SWIFT_VERSION = 5.0;
				TARGETED_DEVICE_FAMILY = "1,2";
			};
			name = Debug;
		};
		4569391526B6087A00A731F7 /* Release */ = {
			isa = XCBuildConfiguration;
			buildSettings = {
				ASSETCATALOG_COMPILER_APPICON_NAME = AppIcon;
				ASSETCATALOG_COMPILER_GLOBAL_ACCENT_COLOR_NAME = AccentColor;
				CODE_SIGN_STYLE = Automatic;
				DEVELOPMENT_TEAM = B5LVX8S5A8;
				INFOPLIST_FILE = "$(SRCROOT)/MarleySpoonRecipes/Resources/Info.plist";
				LD_RUNPATH_SEARCH_PATHS = (
					"$(inherited)",
					"@executable_path/Frameworks",
				);
				PRODUCT_BUNDLE_IDENTIFIER = deadjay.com.MarleySpoonRecipes;
				PRODUCT_NAME = "$(TARGET_NAME)";
				SWIFT_VERSION = 5.0;
				TARGETED_DEVICE_FAMILY = "1,2";
			};
			name = Release;
		};
		4569391726B6087A00A731F7 /* Debug */ = {
			isa = XCBuildConfiguration;
			buildSettings = {
				ALWAYS_EMBED_SWIFT_STANDARD_LIBRARIES = YES;
				BUNDLE_LOADER = "$(TEST_HOST)";
				CODE_SIGN_STYLE = Automatic;
				DEVELOPMENT_TEAM = B5LVX8S5A8;
				INFOPLIST_FILE = MarleySpoonRecipesTests/Info.plist;
				IPHONEOS_DEPLOYMENT_TARGET = 14.5;
				LD_RUNPATH_SEARCH_PATHS = (
					"$(inherited)",
					"@executable_path/Frameworks",
					"@loader_path/Frameworks",
				);
				PRODUCT_BUNDLE_IDENTIFIER = deadjay.com.MarleySpoonRecipesTests;
				PRODUCT_NAME = "$(TARGET_NAME)";
				SWIFT_VERSION = 5.0;
				TARGETED_DEVICE_FAMILY = "1,2";
				TEST_HOST = "$(BUILT_PRODUCTS_DIR)/MarleySpoonRecipes.app/MarleySpoonRecipes";
			};
			name = Debug;
		};
		4569391826B6087A00A731F7 /* Release */ = {
			isa = XCBuildConfiguration;
			buildSettings = {
				ALWAYS_EMBED_SWIFT_STANDARD_LIBRARIES = YES;
				BUNDLE_LOADER = "$(TEST_HOST)";
				CODE_SIGN_STYLE = Automatic;
				DEVELOPMENT_TEAM = B5LVX8S5A8;
				INFOPLIST_FILE = MarleySpoonRecipesTests/Info.plist;
				IPHONEOS_DEPLOYMENT_TARGET = 14.5;
				LD_RUNPATH_SEARCH_PATHS = (
					"$(inherited)",
					"@executable_path/Frameworks",
					"@loader_path/Frameworks",
				);
				PRODUCT_BUNDLE_IDENTIFIER = deadjay.com.MarleySpoonRecipesTests;
				PRODUCT_NAME = "$(TARGET_NAME)";
				SWIFT_VERSION = 5.0;
				TARGETED_DEVICE_FAMILY = "1,2";
				TEST_HOST = "$(BUILT_PRODUCTS_DIR)/MarleySpoonRecipes.app/MarleySpoonRecipes";
			};
			name = Release;
		};
		4569391A26B6087A00A731F7 /* Debug */ = {
			isa = XCBuildConfiguration;
			buildSettings = {
				ALWAYS_EMBED_SWIFT_STANDARD_LIBRARIES = YES;
				CODE_SIGN_STYLE = Automatic;
				DEVELOPMENT_TEAM = B5LVX8S5A8;
				INFOPLIST_FILE = MarleySpoonRecipesUITests/Info.plist;
				LD_RUNPATH_SEARCH_PATHS = (
					"$(inherited)",
					"@executable_path/Frameworks",
					"@loader_path/Frameworks",
				);
				PRODUCT_BUNDLE_IDENTIFIER = deadjay.com.MarleySpoonRecipesUITests;
				PRODUCT_NAME = "$(TARGET_NAME)";
				SWIFT_VERSION = 5.0;
				TARGETED_DEVICE_FAMILY = "1,2";
				TEST_TARGET_NAME = MarleySpoonRecipes;
			};
			name = Debug;
		};
		4569391B26B6087A00A731F7 /* Release */ = {
			isa = XCBuildConfiguration;
			buildSettings = {
				ALWAYS_EMBED_SWIFT_STANDARD_LIBRARIES = YES;
				CODE_SIGN_STYLE = Automatic;
				DEVELOPMENT_TEAM = B5LVX8S5A8;
				INFOPLIST_FILE = MarleySpoonRecipesUITests/Info.plist;
				LD_RUNPATH_SEARCH_PATHS = (
					"$(inherited)",
					"@executable_path/Frameworks",
					"@loader_path/Frameworks",
				);
				PRODUCT_BUNDLE_IDENTIFIER = deadjay.com.MarleySpoonRecipesUITests;
				PRODUCT_NAME = "$(TARGET_NAME)";
				SWIFT_VERSION = 5.0;
				TARGETED_DEVICE_FAMILY = "1,2";
				TEST_TARGET_NAME = MarleySpoonRecipes;
			};
			name = Release;
		};
/* End XCBuildConfiguration section */

/* Begin XCConfigurationList section */
		456938E426B6087600A731F7 /* Build configuration list for PBXProject "MarleySpoonRecipes" */ = {
			isa = XCConfigurationList;
			buildConfigurations = (
				4569391126B6087A00A731F7 /* Debug */,
				4569391226B6087A00A731F7 /* Release */,
			);
			defaultConfigurationIsVisible = 0;
			defaultConfigurationName = Release;
		};
		4569391326B6087A00A731F7 /* Build configuration list for PBXNativeTarget "MarleySpoonRecipes" */ = {
			isa = XCConfigurationList;
			buildConfigurations = (
				4569391426B6087A00A731F7 /* Debug */,
				4569391526B6087A00A731F7 /* Release */,
			);
			defaultConfigurationIsVisible = 0;
			defaultConfigurationName = Release;
		};
		4569391626B6087A00A731F7 /* Build configuration list for PBXNativeTarget "MarleySpoonRecipesTests" */ = {
			isa = XCConfigurationList;
			buildConfigurations = (
				4569391726B6087A00A731F7 /* Debug */,
				4569391826B6087A00A731F7 /* Release */,
			);
			defaultConfigurationIsVisible = 0;
			defaultConfigurationName = Release;
		};
		4569391926B6087A00A731F7 /* Build configuration list for PBXNativeTarget "MarleySpoonRecipesUITests" */ = {
			isa = XCConfigurationList;
			buildConfigurations = (
				4569391A26B6087A00A731F7 /* Debug */,
				4569391B26B6087A00A731F7 /* Release */,
			);
			defaultConfigurationIsVisible = 0;
			defaultConfigurationName = Release;
		};
/* End XCConfigurationList section */
	};
	rootObject = 456938E126B6087600A731F7 /* Project object */;
}
